
Microsoft Visual Studio Solution File, Format Version 12.00
# Visual Studio Version 17
VisualStudioVersion = 17.3.32929.385
MinimumVisualStudioVersion = 10.0.40219.1
Project("{FAE04EC0-301F-11D3-BF4B-00C04F79EFBC}") = "WebSayfa", "WebSayfa\WebSayfa.csproj", "{FE69094B-BC46-4C58-86A0-5C24A09600EC}"
EndProject
Global
	GlobalSection(SolutionConfigurationPlatforms) = preSolution
		Debug|Any CPU = Debug|Any CPU
		Release|Any CPU = Release|Any CPU
	EndGlobalSection
	GlobalSection(ProjectConfigurationPlatforms) = postSolution
		{FE69094B-BC46-4C58-86A0-5C24A09600EC}.Debug|Any CPU.ActiveCfg = Debug|Any CPU
		{FE69094B-BC46-4C58-86A0-5C24A09600EC}.Debug|Any CPU.Build.0 = Debug|Any CPU
		{FE69094B-BC46-4C58-86A0-5C24A09600EC}.Release|Any CPU.ActiveCfg = Release|Any CPU
		{FE69094B-BC46-4C58-86A0-5C24A09600EC}.Release|Any CPU.Build.0 = Release|Any CPU
	EndGlobalSection
	GlobalSection(SolutionProperties) = preSolution
		HideSolutionNode = FALSE
	EndGlobalSection
	GlobalSection(ExtensibilityGlobals) = postSolution
		SolutionGuid = {A7693AFF-2B8F-4AA0-8CC7-EE5EC0D1D881}
	EndGlobalSection
EndGlobal
